// !$*UTF8*$!
{
	archiveVersion = 1;
	classes = {
	};
	objectVersion = 48;
	objects = {

/* Begin PBXBuildFile section */
		E6DEA8132051308000EA1C04 /* AppDelegate.swift in Sources */ = {isa = PBXBuildFile; fileRef = E6DEA8122051308000EA1C04 /* AppDelegate.swift */; };
		E6DEA8152051308000EA1C04 /* ViewController.swift in Sources */ = {isa = PBXBuildFile; fileRef = E6DEA8142051308000EA1C04 /* ViewController.swift */; };
		E6DEA8182051308000EA1C04 /* Main.storyboard in Resources */ = {isa = PBXBuildFile; fileRef = E6DEA8162051308000EA1C04 /* Main.storyboard */; };
		E6DEA81A2051308000EA1C04 /* Assets.xcassets in Resources */ = {isa = PBXBuildFile; fileRef = E6DEA8192051308000EA1C04 /* Assets.xcassets */; };
		E6DEA81D2051308000EA1C04 /* LaunchScreen.storyboard in Resources */ = {isa = PBXBuildFile; fileRef = E6DEA81B2051308000EA1C04 /* LaunchScreen.storyboard */; };
		E6DEA832205150A500EA1C04 /* MyImageViewModel.swift in Sources */ = {isa = PBXBuildFile; fileRef = E6DEA82E205150A500EA1C04 /* MyImageViewModel.swift */; };
		E6DEA833205150A500EA1C04 /* MyImageViewCell.xib in Resources */ = {isa = PBXBuildFile; fileRef = E6DEA82F205150A500EA1C04 /* MyImageViewCell.xib */; };
		E6DEA834205150A500EA1C04 /* MyLayout.swift in Sources */ = {isa = PBXBuildFile; fileRef = E6DEA830205150A500EA1C04 /* MyLayout.swift */; };
		E6DEA835205150A500EA1C04 /* MyImageViewCell.swift in Sources */ = {isa = PBXBuildFile; fileRef = E6DEA831205150A500EA1C04 /* MyImageViewCell.swift */; };
/* End PBXBuildFile section */

/* Begin PBXFileReference section */
		E6DEA80F2051308000EA1C04 /* CollectionViewDemo.app */ = {isa = PBXFileReference; explicitFileType = wrapper.application; includeInIndex = 0; path = CollectionViewDemo.app; sourceTree = BUILT_PRODUCTS_DIR; };
		E6DEA8122051308000EA1C04 /* AppDelegate.swift */ = {isa = PBXFileReference; lastKnownFileType = sourcecode.swift; path = AppDelegate.swift; sourceTree = "<group>"; };
		E6DEA8142051308000EA1C04 /* ViewController.swift */ = {isa = PBXFileReference; lastKnownFileType = sourcecode.swift; path = ViewController.swift; sourceTree = "<group>"; };
		E6DEA8172051308000EA1C04 /* Base */ = {isa = PBXFileReference; lastKnownFileType = file.storyboard; name = Base; path = Base.lproj/Main.storyboard; sourceTree = "<group>"; };
		E6DEA8192051308000EA1C04 /* Assets.xcassets */ = {isa = PBXFileReference; lastKnownFileType = folder.assetcatalog; path = Assets.xcassets; sourceTree = "<group>"; };
		E6DEA81C2051308000EA1C04 /* Base */ = {isa = PBXFileReference; lastKnownFileType = file.storyboard; name = Base; path = Base.lproj/LaunchScreen.storyboard; sourceTree = "<group>"; };
		E6DEA81E2051308000EA1C04 /* Info.plist */ = {isa = PBXFileReference; lastKnownFileType = text.plist.xml; path = Info.plist; sourceTree = "<group>"; };
		E6DEA82E205150A500EA1C04 /* MyImageViewModel.swift */ = {isa = PBXFileReference; fileEncoding = 4; lastKnownFileType = sourcecode.swift; path = MyImageViewModel.swift; sourceTree = "<group>"; };
		E6DEA82F205150A500EA1C04 /* MyImageViewCell.xib */ = {isa = PBXFileReference; fileEncoding = 4; lastKnownFileType = file.xib; path = MyImageViewCell.xib; sourceTree = "<group>"; };
		E6DEA830205150A500EA1C04 /* MyLayout.swift */ = {isa = PBXFileReference; fileEncoding = 4; lastKnownFileType = sourcecode.swift; path = MyLayout.swift; sourceTree = "<group>"; };
		E6DEA831205150A500EA1C04 /* MyImageViewCell.swift */ = {isa = PBXFileReference; fileEncoding = 4; lastKnownFileType = sourcecode.swift; path = MyImageViewCell.swift; sourceTree = "<group>"; };
/* End PBXFileReference section */

/* Begin PBXFrameworksBuildPhase section */
		E6DEA80C2051308000EA1C04 /* Frameworks */ = {
			isa = PBXFrameworksBuildPhase;
			buildActionMask = 2147483647;
			files = (
			);
			runOnlyForDeploymentPostprocessing = 0;
		};
/* End PBXFrameworksBuildPhase section */

/* Begin PBXGroup section */
		E6DEA8062051308000EA1C04 = {
			isa = PBXGroup;
			children = (
				E6DEA8112051308000EA1C04 /* CollectionViewDemo */,
				E6DEA8102051308000EA1C04 /* Products */,
			);
			sourceTree = "<group>";
		};
		E6DEA8102051308000EA1C04 /* Products */ = {
			isa = PBXGroup;
			children = (
				E6DEA80F2051308000EA1C04 /* CollectionViewDemo.app */,
			);
			name = Products;
			sourceTree = "<group>";
		};
		E6DEA8112051308000EA1C04 /* CollectionViewDemo */ = {
			isa = PBXGroup;
			children = (
				E6DEA831205150A500EA1C04 /* MyImageViewCell.swift */,
				E6DEA82F205150A500EA1C04 /* MyImageViewCell.xib */,
				E6DEA82E205150A500EA1C04 /* MyImageViewModel.swift */,
				E6DEA830205150A500EA1C04 /* MyLayout.swift */,
				E6DEA8122051308000EA1C04 /* AppDelegate.swift */,
				E6DEA8162051308000EA1C04 /* Main.storyboard */,
				E6DEA8142051308000EA1C04 /* ViewController.swift */,
				E6DEA8192051308000EA1C04 /* Assets.xcassets */,
				E6DEA81B2051308000EA1C04 /* LaunchScreen.storyboard */,
				E6DEA81E2051308000EA1C04 /* Info.plist */,
			);
			path = CollectionViewDemo;
			sourceTree = "<group>";
		};
/* End PBXGroup section */

/* Begin PBXNativeTarget section */
		E6DEA80E2051308000EA1C04 /* CollectionViewDemo */ = {
			isa = PBXNativeTarget;
			buildConfigurationList = E6DEA8212051308000EA1C04 /* Build configuration list for PBXNativeTarget "CollectionViewDemo" */;
			buildPhases = (
				E6DEA80B2051308000EA1C04 /* Sources */,
				E6DEA80C2051308000EA1C04 /* Frameworks */,
				E6DEA80D2051308000EA1C04 /* Resources */,
			);
			buildRules = (
			);
			dependencies = (
			);
			name = CollectionViewDemo;
			productName = CollectionViewDemo;
			productReference = E6DEA80F2051308000EA1C04 /* CollectionViewDemo.app */;
			productType = "com.apple.product-type.application";
		};
/* End PBXNativeTarget section */

/* Begin PBXProject section */
		E6DEA8072051308000EA1C04 /* Project object */ = {
			isa = PBXProject;
			attributes = {
				LastSwiftUpdateCheck = 0920;
				LastUpgradeCheck = 0920;
				ORGANIZATIONNAME = "Upper Setting";
				TargetAttributes = {
					E6DEA80E2051308000EA1C04 = {
						CreatedOnToolsVersion = 9.2;
						ProvisioningStyle = Automatic;
					};
				};
			};
			buildConfigurationList = E6DEA80A2051308000EA1C04 /* Build configuration list for PBXProject "CollectionViewDemo" */;
			compatibilityVersion = "Xcode 8.0";
			developmentRegion = en;
			hasScannedForEncodings = 0;
			knownRegions = (
				en,
				Base,
			);
			mainGroup = E6DEA8062051308000EA1C04;
			productRefGroup = E6DEA8102051308000EA1C04 /* Products */;
			projectDirPath = "";
			projectRoot = "";
			targets = (
				E6DEA80E2051308000EA1C04 /* CollectionViewDemo */,
			);
		};
/* End PBXProject section */

/* Begin PBXResourcesBuildPhase section */
		E6DEA80D2051308000EA1C04 /* Resources */ = {
			isa = PBXResourcesBuildPhase;
			buildActionMask = 2147483647;
			files = (
				E6DEA833205150A500EA1C04 /* MyImageViewCell.xib in Resources */,
				E6DEA81D2051308000EA1C04 /* LaunchScreen.storyboard in Resources */,
				E6DEA81A2051308000EA1C04 /* Assets.xcassets in Resources */,
				E6DEA8182051308000EA1C04 /* Main.storyboard in Resources */,
			);
			runOnlyForDeploymentPostprocessing = 0;
		};
/* End PBXResourcesBuildPhase section */

/* Begin PBXSourcesBuildPhase section */
		E6DEA80B2051308000EA1C04 /* Sources */ = {
			isa = PBXSourcesBuildPhase;
			buildActionMask = 2147483647;
			files = (
				E6DEA832205150A500EA1C04 /* MyImageViewModel.swift in Sources */,
				E6DEA834205150A500EA1C04 /* MyLayout.swift in Sources */,
				E6DEA835205150A500EA1C04 /* MyImageViewCell.swift in Sources */,
				E6DEA8152051308000EA1C04 /* ViewController.swift in Sources */,
				E6DEA8132051308000EA1C04 /* AppDelegate.swift in Sources */,
			);
			runOnlyForDeploymentPostprocessing = 0;
		};
/* End PBXSourcesBuildPhase section */

/* Begin PBXVariantGroup section */
		E6DEA8162051308000EA1C04 /* Main.storyboard */ = {
			isa = PBXVariantGroup;
			children = (
				E6DEA8172051308000EA1C04 /* Base */,
			);
			name = Main.storyboard;
			sourceTree = "<group>";
		};
		E6DEA81B2051308000EA1C04 /* LaunchScreen.storyboard */ = {
			isa = PBXVariantGroup;
			children = (
				E6DEA81C2051308000EA1C04 /* Base */,
			);
			name = LaunchScreen.storyboard;
			sourceTree = "<group>";
		};
/* End PBXVariantGroup section */

/* Begin XCBuildConfiguration section */
		E6DEA81F2051308000EA1C04 /* Debug */ = {
			isa = XCBuildConfiguration;
			buildSettings = {
				ALWAYS_SEARCH_USER_PATHS = NO;
				CLANG_ANALYZER_NONNULL = YES;
				CLANG_ANALYZER_NUMBER_OBJECT_CONVERSION = YES_AGGRESSIVE;
				CLANG_CXX_LANGUAGE_STANDARD = "gnu++14";
				CLANG_CXX_LIBRARY = "libc++";
				CLANG_ENABLE_MODULES = YES;
				CLANG_ENABLE_OBJC_ARC = YES;
				CLANG_WARN_BLOCK_CAPTURE_AUTORELEASING = YES;
				CLANG_WARN_BOOL_CONVERSION = YES;
				CLANG_WARN_COMMA = YES;
				CLANG_WARN_CONSTANT_CONVERSION = YES;
				CLANG_WARN_DIRECT_OBJC_ISA_USAGE = YES_ERROR;
				CLANG_WARN_DOCUMENTATION_COMMENTS = YES;
				CLANG_WARN_EMPTY_BODY = YES;
				CLANG_WARN_ENUM_CONVERSION = YES;
				CLANG_WARN_INFINITE_RECURSION = YES;
				CLANG_WARN_INT_CONVERSION = YES;
				CLANG_WARN_NON_LITERAL_NULL_CONVERSION = YES;
				CLANG_WARN_OBJC_LITERAL_CONVERSION = YES;
				CLANG_WARN_OBJC_ROOT_CLASS = YES_ERROR;
				CLANG_WARN_RANGE_LOOP_ANALYSIS = YES;
				CLANG_WARN_STRICT_PROTOTYPES = YES;
				CLANG_WARN_SUSPICIOUS_MOVE = YES;
				CLANG_WARN_UNGUARDED_AVAILABILITY = YES_AGGRESSIVE;
				CLANG_WARN_UNREACHABLE_CODE = YES;
				CLANG_WARN__DUPLICATE_METHOD_MATCH = YES;
				CODE_SIGN_IDENTITY = "iPhone Developer";
				COPY_PHASE_STRIP = NO;
				DEBUG_INFORMATION_FORMAT = dwarf;
				ENABLE_STRICT_OBJC_MSGSEND = YES;
				ENABLE_TESTABILITY = YES;
				GCC_C_LANGUAGE_STANDARD = gnu11;
				GCC_DYNAMIC_NO_PIC = NO;
				GCC_NO_COMMON_BLOCKS = YES;
				GCC_OPTIMIZATION_LEVEL = 0;
				GCC_PREPROCESSOR_DEFINITIONS = (
					"DEBUG=1",
					"$(inherited)",
				);
				GCC_WARN_64_TO_32_BIT_CONVERSION = YES;
				GCC_WARN_ABOUT_RETURN_TYPE = YES_ERROR;
				GCC_WARN_UNDECLARED_SELECTOR = YES;
				GCC_WARN_UNINITIALIZED_AUTOS = YES_AGGRESSIVE;
				GCC_WARN_UNUSED_FUNCTION = YES;
				GCC_WARN_UNUSED_VARIABLE = YES;
				IPHONEOS_DEPLOYMENT_TARGET = 11.2;
				MTL_ENABLE_DEBUG_INFO = YES;
				ONLY_ACTIVE_ARCH = YES;
				SDKROOT = iphoneos;
				SWIFT_ACTIVE_COMPILATION_CONDITIONS = DEBUG;
				SWIFT_OPTIMIZATION_LEVEL = "-Onone";
			};
			name = Debug;
		};
		E6DEA8202051308000EA1C04 /* Release */ = {
			isa = XCBuildConfiguration;
			buildSettings = {
				ALWAYS_SEARCH_USER_PATHS = NO;
				CLANG_ANALYZER_NONNULL = YES;
				CLANG_ANALYZER_NUMBER_OBJECT_CONVERSION = YES_AGGRESSIVE;
				CLANG_CXX_LANGUAGE_STANDARD = "gnu++14";
				CLANG_CXX_LIBRARY = "libc++";
				CLANG_ENABLE_MODULES = YES;
				CLANG_ENABLE_OBJC_ARC = YES;
				CLANG_WARN_BLOCK_CAPTURE_AUTORELEASING = YES;
				CLANG_WARN_BOOL_CONVERSION = YES;
				CLANG_WARN_COMMA = YES;
				CLANG_WARN_CONSTANT_CONVERSION = YES;
				CLANG_WARN_DIRECT_OBJC_ISA_USAGE = YES_ERROR;
				CLANG_WARN_DOCUMENTATION_COMMENTS = YES;
				CLANG_WARN_EMPTY_BODY = YES;
				CLANG_WARN_ENUM_CONVERSION = YES;
				CLANG_WARN_INFINITE_RECURSION = YES;
				CLANG_WARN_INT_CONVERSION = YES;
				CLANG_WARN_NON_LITERAL_NULL_CONVERSION = YES;
				CLANG_WARN_OBJC_LITERAL_CONVERSION = YES;
				CLANG_WARN_OBJC_ROOT_CLASS = YES_ERROR;
				CLANG_WARN_RANGE_LOOP_ANALYSIS = YES;
				CLANG_WARN_STRICT_PROTOTYPES = YES;
				CLANG_WARN_SUSPICIOUS_MOVE = YES;
				CLANG_WARN_UNGUARDED_AVAILABILITY = YES_AGGRESSIVE;
				CLANG_WARN_UNREACHABLE_CODE = YES;
				CLANG_WARN__DUPLICATE_METHOD_MATCH = YES;
				CODE_SIGN_IDENTITY = "iPhone Developer";
				COPY_PHASE_STRIP = NO;
				DEBUG_INFORMATION_FORMAT = "dwarf-with-dsym";
				ENABLE_NS_ASSERTIONS = NO;
				ENABLE_STRICT_OBJC_MSGSEND = YES;
				GCC_C_LANGUAGE_STANDARD = gnu11;
				GCC_NO_COMMON_BLOCKS = YES;
				GCC_WARN_64_TO_32_BIT_CONVERSION = YES;
				GCC_WARN_ABOUT_RETURN_TYPE = YES_ERROR;
				GCC_WARN_UNDECLARED_SELECTOR = YES;
				GCC_WARN_UNINITIALIZED_AUTOS = YES_AGGRESSIVE;
				GCC_WARN_UNUSED_FUNCTION = YES;
				GCC_WARN_UNUSED_VARIABLE = YES;
				IPHONEOS_DEPLOYMENT_TARGET = 11.2;
				MTL_ENABLE_DEBUG_INFO = NO;
				SDKROOT = iphoneos;
				SWIFT_OPTIMIZATION_LEVEL = "-Owholemodule";
				VALIDATE_PRODUCT = YES;
			};
			name = Release;
		};
		E6DEA8222051308000EA1C04 /* Debug */ = {
			isa = XCBuildConfiguration;
			buildSettings = {
				ASSETCATALOG_COMPILER_APPICON_NAME = AppIcon;
				CODE_SIGN_STYLE = Automatic;
				DEVELOPMENT_TEAM = L2RWPWTVK3;
				INFOPLIST_FILE = CollectionViewDemo/Info.plist;
				IPHONEOS_DEPLOYMENT_TARGET = 9.0;
				LD_RUNPATH_SEARCH_PATHS = "$(inherited) @executable_path/Frameworks";
				PRODUCT_BUNDLE_IDENTIFIER = com.uppersetting.CollectionViewDemo;
				PRODUCT_NAME = "$(TARGET_NAME)";
				SWIFT_VERSION = 4.0;
				TARGETED_DEVICE_FAMILY = "1,2";
			};
			name = Debug;
		};
		E6DEA8232051308000EA1C04 /* Release */ = {
			isa = XCBuildConfiguration;
			buildSettings = {
				ASSETCATALOG_COMPILER_APPICON_NAME = AppIcon;
				CODE_SIGN_STYLE = Automatic;
				DEVELOPMENT_TEAM = L2RWPWTVK3;
				INFOPLIST_FILE = CollectionViewDemo/Info.plist;
				IPHONEOS_DEPLOYMENT_TARGET = 9.0;
				LD_RUNPATH_SEARCH_PATHS = "$(inherited) @executable_path/Frameworks";
				PRODUCT_BUNDLE_IDENTIFIER = com.uppersetting.CollectionViewDemo;
				PRODUCT_NAME = "$(TARGET_NAME)";
				SWIFT_VERSION = 4.0;
				TARGETED_DEVICE_FAMILY = "1,2";
			};
			name = Release;
		};
/* End XCBuildConfiguration section */

/* Begin XCConfigurationList section */
		E6DEA80A2051308000EA1C04 /* Build configuration list for PBXProject "CollectionViewDemo" */ = {
			isa = XCConfigurationList;
			buildConfigurations = (
				E6DEA81F2051308000EA1C04 /* Debug */,
				E6DEA8202051308000EA1C04 /* Release */,
			);
			defaultConfigurationIsVisible = 0;
			defaultConfigurationName = Release;
		};
		E6DEA8212051308000EA1C04 /* Build configuration list for PBXNativeTarget "CollectionViewDemo" */ = {
			isa = XCConfigurationList;
			buildConfigurations = (
				E6DEA8222051308000EA1C04 /* Debug */,
				E6DEA8232051308000EA1C04 /* Release */,
			);
			defaultConfigurationIsVisible = 0;
			defaultConfigurationName = Release;
		};
/* End XCConfigurationList section */
	};
	rootObject = E6DEA8072051308000EA1C04 /* Project object */;
}
